PODS:
  - SKTCaptureObjC (1.1.296)

DEPENDENCIES:
  - SKTCaptureObjC (~> 1.1)

SPEC REPOS:
  https://github.com/cocoapods/specs.git:
    - SKTCaptureObjC

SPEC CHECKSUMS:
  SKTCaptureObjC: 6e469abd8c4aec16a750f35611c1330910708d9d

PODFILE CHECKSUM: a9cb601ed75705750de8bc8d12f1cb76bb87ab97

COCOAPODS: 1.6.1
